// !$*UTF8*$!
{
	archiveVersion = 1;
	classes = {
	};
	objectVersion = 46;
	objects = {

/* Begin PBXBuildFile section */
		13B07FBD1A68108700A75B9A /* LaunchScreen.xib in Resources */ = {isa = PBXBuildFile; fileRef = 13B07FB11A68108700A75B9A /* LaunchScreen.xib */; };
		13B07FBF1A68108700A75B9A /* Images.xcassets in Resources */ = {isa = PBXBuildFile; fileRef = 13B07FB51A68108700A75B9A /* Images.xcassets */; };
		3E461D99554A48A4959DE609 /* SplashScreen.storyboard in Resources */ = {isa = PBXBuildFile; fileRef = AA286B85B6C04FC6940260E9 /* SplashScreen.storyboard */; };
		5111FDD328772B73004C3BBB /* Music in Resources */ = {isa = PBXBuildFile; fileRef = 5111FDD228772B72004C3BBB /* Music */; };
		5196245526B7F8EE00434846 /* Localizable.strings in Resources */ = {isa = PBXBuildFile; fileRef = 5196245726B7F8EE00434846 /* Localizable.strings */; };
		63485D4C259A27A900A9897F /* VideoEditorModule.swift in Sources */ = {isa = PBXBuildFile; fileRef = 63485D4B259A27A900A9897F /* VideoEditorModule.swift */; };
		63485D51259A29CB00A9897F /* VideoEditorModuleBridge.m in Sources */ = {isa = PBXBuildFile; fileRef = 63485D50259A29CB00A9897F /* VideoEditorModuleBridge.m */; };
		8A26A81F259B69A5001CFF3C /* luts in Resources */ = {isa = PBXBuildFile; fileRef = 8A26A81D259B69A5001CFF3C /* luts */; };
		8A26A820259B69A5001CFF3C /* bundleEffects in Resources */ = {isa = PBXBuildFile; fileRef = 8A26A81E259B69A5001CFF3C /* bundleEffects */; };
		B209E0399CE2D65BE0565A8A /* libPods-vesdkreactnativeintegrationsample.a in Frameworks */ = {isa = PBXBuildFile; fileRef = 2EE63EE6C334C20D8BFA1A84 /* libPods-vesdkreactnativeintegrationsample.a */; };
		BB2F792D24A3F905000567C9 /* Expo.plist in Resources */ = {isa = PBXBuildFile; fileRef = BB2F792C24A3F905000567C9 /* Expo.plist */; };
		C20B0BB9293CDF0200AF67D1 /* AudioBrowserModule.swift in Sources */ = {isa = PBXBuildFile; fileRef = C20B0BB8293CDF0200AF67D1 /* AudioBrowserModule.swift */; };
		C20B0BBB293CDF1100AF67D1 /* CustomViewControllerFactory.swift in Sources */ = {isa = PBXBuildFile; fileRef = C20B0BBA293CDF1100AF67D1 /* CustomViewControllerFactory.swift */; };
		C20B0BBD293E45DB00AF67D1 /* sample_audio.mp3 in Resources */ = {isa = PBXBuildFile; fileRef = C20B0BBC293E45DB00AF67D1 /* sample_audio.mp3 */; };
		C26872D6293B99D9001CEF11 /* AppDelegate.swift in Sources */ = {isa = PBXBuildFile; fileRef = C26872D5293B99D9001CEF11 /* AppDelegate.swift */; };
		C26BCE8E2912ECBF0084E274 /* sample_video.mp4 in Resources */ = {isa = PBXBuildFile; fileRef = C26BCE8D2912ECBF0084E274 /* sample_video.mp4 */; };
/* End PBXBuildFile section */

/* Begin PBXFileReference section */
		13B07F961A680F5B00A75B9A /* vesdkreactnativeintegrationsample.app */ = {isa = PBXFileReference; explicitFileType = wrapper.application; includeInIndex = 0; path = vesdkreactnativeintegrationsample.app; sourceTree = BUILT_PRODUCTS_DIR; };
		13B07FB21A68108700A75B9A /* Base */ = {isa = PBXFileReference; lastKnownFileType = file.xib; name = Base; path = Base.lproj/LaunchScreen.xib; sourceTree = "<group>"; };
		13B07FB51A68108700A75B9A /* Images.xcassets */ = {isa = PBXFileReference; lastKnownFileType = folder.assetcatalog; name = Images.xcassets; path = vesdkreactnativeintegrationsample/Images.xcassets; sourceTree = "<group>"; };
		13B07FB61A68108700A75B9A /* Info.plist */ = {isa = PBXFileReference; fileEncoding = 4; lastKnownFileType = text.plist.xml; name = Info.plist; path = vesdkreactnativeintegrationsample/Info.plist; sourceTree = "<group>"; };
		1CA0EB8181D15F33F116AFEC /* Pods-vesdkreactnativeintegrationsample.debug.xcconfig */ = {isa = PBXFileReference; includeInIndex = 1; lastKnownFileType = text.xcconfig; name = "Pods-vesdkreactnativeintegrationsample.debug.xcconfig"; path = "Target Support Files/Pods-vesdkreactnativeintegrationsample/Pods-vesdkreactnativeintegrationsample.debug.xcconfig"; sourceTree = "<group>"; };
		2EE63EE6C334C20D8BFA1A84 /* libPods-vesdkreactnativeintegrationsample.a */ = {isa = PBXFileReference; explicitFileType = archive.ar; includeInIndex = 0; path = "libPods-vesdkreactnativeintegrationsample.a"; sourceTree = BUILT_PRODUCTS_DIR; };
		5111FDD228772B72004C3BBB /* Music */ = {isa = PBXFileReference; lastKnownFileType = folder; path = Music; sourceTree = "<group>"; };
		5196245626B7F8EE00434846 /* en */ = {isa = PBXFileReference; lastKnownFileType = text.plist.strings; name = en; path = en.lproj/Localizable.strings; sourceTree = "<group>"; };
		63485D41259A144300A9897F /* vesdkreactnativeintegrationsample-Bridging-Header.h */ = {isa = PBXFileReference; lastKnownFileType = sourcecode.c.h; path = "vesdkreactnativeintegrationsample-Bridging-Header.h"; sourceTree = "<group>"; };
		63485D4B259A27A900A9897F /* VideoEditorModule.swift */ = {isa = PBXFileReference; lastKnownFileType = sourcecode.swift; path = VideoEditorModule.swift; sourceTree = "<group>"; };
		63485D50259A29CB00A9897F /* VideoEditorModuleBridge.m */ = {isa = PBXFileReference; lastKnownFileType = sourcecode.c.objc; path = VideoEditorModuleBridge.m; sourceTree = "<group>"; };
		8A26A81D259B69A5001CFF3C /* luts */ = {isa = PBXFileReference; lastKnownFileType = folder; name = luts; path = vesdkreactnativeintegrationsample/luts; sourceTree = "<group>"; };
		8A26A81E259B69A5001CFF3C /* bundleEffects */ = {isa = PBXFileReference; lastKnownFileType = folder; name = bundleEffects; path = vesdkreactnativeintegrationsample/bundleEffects; sourceTree = "<group>"; };
		AA286B85B6C04FC6940260E9 /* SplashScreen.storyboard */ = {isa = PBXFileReference; fileEncoding = 4; lastKnownFileType = file.storyboard; name = SplashScreen.storyboard; path = vesdkreactnativeintegrationsample/SplashScreen.storyboard; sourceTree = "<group>"; };
		BB2F792C24A3F905000567C9 /* Expo.plist */ = {isa = PBXFileReference; fileEncoding = 4; lastKnownFileType = text.plist.xml; path = Expo.plist; sourceTree = "<group>"; };
		C20B0BB8293CDF0200AF67D1 /* AudioBrowserModule.swift */ = {isa = PBXFileReference; fileEncoding = 4; lastKnownFileType = sourcecode.swift; path = AudioBrowserModule.swift; sourceTree = "<group>"; };
		C20B0BBA293CDF1100AF67D1 /* CustomViewControllerFactory.swift */ = {isa = PBXFileReference; fileEncoding = 4; lastKnownFileType = sourcecode.swift; path = CustomViewControllerFactory.swift; sourceTree = "<group>"; };
		C20B0BBC293E45DB00AF67D1 /* sample_audio.mp3 */ = {isa = PBXFileReference; lastKnownFileType = audio.mp3; name = sample_audio.mp3; path = ../android/app/src/main/assets/sample_audio.mp3; sourceTree = "<group>"; };
		C26872D5293B99D9001CEF11 /* AppDelegate.swift */ = {isa = PBXFileReference; lastKnownFileType = sourcecode.swift; path = AppDelegate.swift; sourceTree = "<group>"; };
		C26BCE8D2912ECBF0084E274 /* sample_video.mp4 */ = {isa = PBXFileReference; lastKnownFileType = file; name = sample_video.mp4; path = ../android/app/src/main/assets/sample_video.mp4; sourceTree = "<group>"; };
		EB62DC275C3658D1915DA7B9 /* Pods-vesdkreactnativeintegrationsample.release.xcconfig */ = {isa = PBXFileReference; includeInIndex = 1; lastKnownFileType = text.xcconfig; name = "Pods-vesdkreactnativeintegrationsample.release.xcconfig"; path = "Target Support Files/Pods-vesdkreactnativeintegrationsample/Pods-vesdkreactnativeintegrationsample.release.xcconfig"; sourceTree = "<group>"; };
		ED297162215061F000B7C4FE /* JavaScriptCore.framework */ = {isa = PBXFileReference; lastKnownFileType = wrapper.framework; name = JavaScriptCore.framework; path = System/Library/Frameworks/JavaScriptCore.framework; sourceTree = SDKROOT; };
		ED2971642150620600B7C4FE /* JavaScriptCore.framework */ = {isa = PBXFileReference; lastKnownFileType = wrapper.framework; name = JavaScriptCore.framework; path = Platforms/AppleTVOS.platform/Developer/SDKs/AppleTVOS12.0.sdk/System/Library/Frameworks/JavaScriptCore.framework; sourceTree = DEVELOPER_DIR; };
/* End PBXFileReference section */

/* Begin PBXFrameworksBuildPhase section */
		13B07F8C1A680F5B00A75B9A /* Frameworks */ = {
			isa = PBXFrameworksBuildPhase;
			buildActionMask = 2147483647;
			files = (
				B209E0399CE2D65BE0565A8A /* libPods-vesdkreactnativeintegrationsample.a in Frameworks */,
			);
			runOnlyForDeploymentPostprocessing = 0;
		};
/* End PBXFrameworksBuildPhase section */

/* Begin PBXGroup section */
		13B07FAE1A68108700A75B9A /* vesdkreactnativeintegrationsample */ = {
			isa = PBXGroup;
			children = (
				C20B0BBC293E45DB00AF67D1 /* sample_audio.mp3 */,
				C20B0BBA293CDF1100AF67D1 /* CustomViewControllerFactory.swift */,
				C20B0BB8293CDF0200AF67D1 /* AudioBrowserModule.swift */,
				C26BCE8D2912ECBF0084E274 /* sample_video.mp4 */,
				8A26A81E259B69A5001CFF3C /* bundleEffects */,
				8A26A81D259B69A5001CFF3C /* luts */,
				5111FDD228772B72004C3BBB /* Music */,
				BB2F792B24A3F905000567C9 /* Supporting */,
				63485D4B259A27A900A9897F /* VideoEditorModule.swift */,
				63485D50259A29CB00A9897F /* VideoEditorModuleBridge.m */,
				13B07FB51A68108700A75B9A /* Images.xcassets */,
				13B07FB61A68108700A75B9A /* Info.plist */,
				13B07FB11A68108700A75B9A /* LaunchScreen.xib */,
				AA286B85B6C04FC6940260E9 /* SplashScreen.storyboard */,
				63485D41259A144300A9897F /* vesdkreactnativeintegrationsample-Bridging-Header.h */,
				C26872D5293B99D9001CEF11 /* AppDelegate.swift */,
			);
			name = vesdkreactnativeintegrationsample;
			sourceTree = "<group>";
		};
		2D16E6871FA4F8E400B85C8A /* Frameworks */ = {
			isa = PBXGroup;
			children = (
				ED297162215061F000B7C4FE /* JavaScriptCore.framework */,
				ED2971642150620600B7C4FE /* JavaScriptCore.framework */,
				2EE63EE6C334C20D8BFA1A84 /* libPods-vesdkreactnativeintegrationsample.a */,
			);
			name = Frameworks;
			sourceTree = "<group>";
		};
		832341AE1AAA6A7D00B99B32 /* Libraries */ = {
			isa = PBXGroup;
			children = (
			);
			name = Libraries;
			sourceTree = "<group>";
		};
		83CBB9F61A601CBA00E9B192 = {
			isa = PBXGroup;
			children = (
				5196245726B7F8EE00434846 /* Localizable.strings */,
				13B07FAE1A68108700A75B9A /* vesdkreactnativeintegrationsample */,
				832341AE1AAA6A7D00B99B32 /* Libraries */,
				83CBBA001A601CBA00E9B192 /* Products */,
				2D16E6871FA4F8E400B85C8A /* Frameworks */,
				D65327D7A22EEC0BE12398D9 /* Pods */,
			);
			indentWidth = 2;
			sourceTree = "<group>";
			tabWidth = 2;
			usesTabs = 0;
		};
		83CBBA001A601CBA00E9B192 /* Products */ = {
			isa = PBXGroup;
			children = (
				13B07F961A680F5B00A75B9A /* vesdkreactnativeintegrationsample.app */,
			);
			name = Products;
			sourceTree = "<group>";
		};
		BB2F792B24A3F905000567C9 /* Supporting */ = {
			isa = PBXGroup;
			children = (
				BB2F792C24A3F905000567C9 /* Expo.plist */,
			);
			name = Supporting;
			path = vesdkreactnativeintegrationsample/Supporting;
			sourceTree = "<group>";
		};
		D65327D7A22EEC0BE12398D9 /* Pods */ = {
			isa = PBXGroup;
			children = (
				1CA0EB8181D15F33F116AFEC /* Pods-vesdkreactnativeintegrationsample.debug.xcconfig */,
				EB62DC275C3658D1915DA7B9 /* Pods-vesdkreactnativeintegrationsample.release.xcconfig */,
			);
			path = Pods;
			sourceTree = "<group>";
		};
/* End PBXGroup section */

/* Begin PBXNativeTarget section */
		13B07F861A680F5B00A75B9A /* vesdkreactnativeintegrationsample */ = {
			isa = PBXNativeTarget;
			buildConfigurationList = 13B07F931A680F5B00A75B9A /* Build configuration list for PBXNativeTarget "vesdkreactnativeintegrationsample" */;
			buildPhases = (
				3BE5C8C4B5C9DBDB759C2440 /* [CP] Check Pods Manifest.lock */,
				FD10A7F022414F080027D42C /* Start Packager */,
				13B07F871A680F5B00A75B9A /* Sources */,
				13B07F8C1A680F5B00A75B9A /* Frameworks */,
				13B07F8E1A680F5B00A75B9A /* Resources */,
				00DD1BFF1BD5951E006B06BC /* Bundle React Native code and images */,
				21EA5B6D41897CA3C2F2522D /* [CP] Embed Pods Frameworks */,
				5318E3E447AAEC6555684BB4 /* [CP] Copy Pods Resources */,
			);
			buildRules = (
			);
			dependencies = (
			);
			name = vesdkreactnativeintegrationsample;
			productName = vesdkreactnativeintegrationsample;
			productReference = 13B07F961A680F5B00A75B9A /* vesdkreactnativeintegrationsample.app */;
			productType = "com.apple.product-type.application";
		};
/* End PBXNativeTarget section */

/* Begin PBXProject section */
		83CBB9F71A601CBA00E9B192 /* Project object */ = {
			isa = PBXProject;
			attributes = {
				LastUpgradeCheck = 1130;
				TargetAttributes = {
					13B07F861A680F5B00A75B9A = {
						DevelopmentTeam = Z5FY5KAJL3;
						LastSwiftMigration = 1230;
					};
				};
			};
			buildConfigurationList = 83CBB9FA1A601CBA00E9B192 /* Build configuration list for PBXProject "vesdkreactnativeintegrationsample" */;
			compatibilityVersion = "Xcode 3.2";
			developmentRegion = en;
			hasScannedForEncodings = 0;
			knownRegions = (
				en,
				Base,
			);
			mainGroup = 83CBB9F61A601CBA00E9B192;
			productRefGroup = 83CBBA001A601CBA00E9B192 /* Products */;
			projectDirPath = "";
			projectRoot = "";
			targets = (
				13B07F861A680F5B00A75B9A /* vesdkreactnativeintegrationsample */,
			);
		};
/* End PBXProject section */

/* Begin PBXResourcesBuildPhase section */
		13B07F8E1A680F5B00A75B9A /* Resources */ = {
			isa = PBXResourcesBuildPhase;
			buildActionMask = 2147483647;
			files = (
				BB2F792D24A3F905000567C9 /* Expo.plist in Resources */,
				C26BCE8E2912ECBF0084E274 /* sample_video.mp4 in Resources */,
				13B07FBF1A68108700A75B9A /* Images.xcassets in Resources */,
				13B07FBD1A68108700A75B9A /* LaunchScreen.xib in Resources */,
				5196245526B7F8EE00434846 /* Localizable.strings in Resources */,
				C20B0BBD293E45DB00AF67D1 /* sample_audio.mp3 in Resources */,
				8A26A81F259B69A5001CFF3C /* luts in Resources */,
				3E461D99554A48A4959DE609 /* SplashScreen.storyboard in Resources */,
				5111FDD328772B73004C3BBB /* Music in Resources */,
				8A26A820259B69A5001CFF3C /* bundleEffects in Resources */,
			);
			runOnlyForDeploymentPostprocessing = 0;
		};
/* End PBXResourcesBuildPhase section */

/* Begin PBXShellScriptBuildPhase section */
		00DD1BFF1BD5951E006B06BC /* Bundle React Native code and images */ = {
			isa = PBXShellScriptBuildPhase;
			buildActionMask = 2147483647;
			files = (
			);
			inputPaths = (
			);
			name = "Bundle React Native code and images";
			outputPaths = (
			);
			runOnlyForDeploymentPostprocessing = 0;
			shellPath = /bin/sh;
			shellScript = "export NODE_BINARY=node\n../node_modules/react-native/scripts/react-native-xcode.sh\n../node_modules/expo-constants/scripts/get-app-config-ios.sh\n../node_modules/expo-updates/scripts/create-manifest-ios.sh\n";
		};
		21EA5B6D41897CA3C2F2522D /* [CP] Embed Pods Frameworks */ = {
			isa = PBXShellScriptBuildPhase;
			buildActionMask = 2147483647;
			files = (
			);
			inputPaths = (
				"${PODS_ROOT}/Target Support Files/Pods-vesdkreactnativeintegrationsample/Pods-vesdkreactnativeintegrationsample-frameworks.sh",
				"${PODS_XCFRAMEWORKS_BUILD_DIR}/BNBLicenseUtils/BNBLicenseUtils.framework/BNBLicenseUtils",
				"${PODS_XCFRAMEWORKS_BUILD_DIR}/BanubaARCloudSDK/BanubaARCloudSDK.framework/BanubaARCloudSDK",
				"${PODS_XCFRAMEWORKS_BUILD_DIR}/BanubaAudioBrowserSDK/BanubaAudioBrowserSDK.framework/BanubaAudioBrowserSDK",
				"${PODS_XCFRAMEWORKS_BUILD_DIR}/BanubaEffectPlayer/BanubaEffectPlayer.framework/BanubaEffectPlayer",
				"${PODS_XCFRAMEWORKS_BUILD_DIR}/BanubaLicenseServicingSDK/BanubaLicenseServicingSDK.framework/BanubaLicenseServicingSDK",
				"${PODS_XCFRAMEWORKS_BUILD_DIR}/BanubaMusicEditorSDK/BanubaMusicEditorSDK.framework/BanubaMusicEditorSDK",
				"${PODS_XCFRAMEWORKS_BUILD_DIR}/BanubaSDK/BanubaSdk.framework/BanubaSdk",
				"${PODS_XCFRAMEWORKS_BUILD_DIR}/BanubaSDKServicing/BanubaSDKServicing.framework/BanubaSDKServicing",
				"${PODS_XCFRAMEWORKS_BUILD_DIR}/BanubaSDKSimple/BanubaSdkSimple.framework/BanubaSdkSimple",
				"${PODS_XCFRAMEWORKS_BUILD_DIR}/BanubaUtilities/BanubaUtilities.framework/BanubaUtilities",
				"${PODS_XCFRAMEWORKS_BUILD_DIR}/BanubaVideoEditorGallerySDK/BanubaVideoEditorGallerySDK.framework/BanubaVideoEditorGallerySDK",
				"${PODS_XCFRAMEWORKS_BUILD_DIR}/BanubaVideoEditorSDK/BanubaVideoEditorSDK.framework/BanubaVideoEditorSDK",
				"${PODS_XCFRAMEWORKS_BUILD_DIR}/BanubaVideoEditorTrimSDK/BanubaVideoEditorTrimSDK.framework/BanubaVideoEditorTrimSDK",
				"${PODS_XCFRAMEWORKS_BUILD_DIR}/VEEffectsSDK/VEEffectsSDK.framework/VEEffectsSDK",
				"${PODS_XCFRAMEWORKS_BUILD_DIR}/VEExportSDK/VEExportSDK.framework/VEExportSDK",
				"${PODS_XCFRAMEWORKS_BUILD_DIR}/VEPlaybackSDK/VEPlaybackSDK.framework/VEPlaybackSDK",
				"${PODS_XCFRAMEWORKS_BUILD_DIR}/VideoEditor/VideoEditor.framework/VideoEditor",
			);
			name = "[CP] Embed Pods Frameworks";
			outputPaths = (
				"${TARGET_BUILD_DIR}/${FRAMEWORKS_FOLDER_PATH}/BNBLicenseUtils.framework",
				"${TARGET_BUILD_DIR}/${FRAMEWORKS_FOLDER_PATH}/BanubaARCloudSDK.framework",
				"${TARGET_BUILD_DIR}/${FRAMEWORKS_FOLDER_PATH}/BanubaAudioBrowserSDK.framework",
				"${TARGET_BUILD_DIR}/${FRAMEWORKS_FOLDER_PATH}/BanubaEffectPlayer.framework",
				"${TARGET_BUILD_DIR}/${FRAMEWORKS_FOLDER_PATH}/BanubaLicenseServicingSDK.framework",
				"${TARGET_BUILD_DIR}/${FRAMEWORKS_FOLDER_PATH}/BanubaMusicEditorSDK.framework",
				"${TARGET_BUILD_DIR}/${FRAMEWORKS_FOLDER_PATH}/BanubaSdk.framework",
				"${TARGET_BUILD_DIR}/${FRAMEWORKS_FOLDER_PATH}/BanubaSDKServicing.framework",
				"${TARGET_BUILD_DIR}/${FRAMEWORKS_FOLDER_PATH}/BanubaSdkSimple.framework",
				"${TARGET_BUILD_DIR}/${FRAMEWORKS_FOLDER_PATH}/BanubaUtilities.framework",
				"${TARGET_BUILD_DIR}/${FRAMEWORKS_FOLDER_PATH}/BanubaVideoEditorGallerySDK.framework",
				"${TARGET_BUILD_DIR}/${FRAMEWORKS_FOLDER_PATH}/BanubaVideoEditorSDK.framework",
				"${TARGET_BUILD_DIR}/${FRAMEWORKS_FOLDER_PATH}/BanubaVideoEditorTrimSDK.framework",
				"${TARGET_BUILD_DIR}/${FRAMEWORKS_FOLDER_PATH}/VEEffectsSDK.framework",
				"${TARGET_BUILD_DIR}/${FRAMEWORKS_FOLDER_PATH}/VEExportSDK.framework",
				"${TARGET_BUILD_DIR}/${FRAMEWORKS_FOLDER_PATH}/VEPlaybackSDK.framework",
				"${TARGET_BUILD_DIR}/${FRAMEWORKS_FOLDER_PATH}/VideoEditor.framework",
			);
			runOnlyForDeploymentPostprocessing = 0;
			shellPath = /bin/sh;
			shellScript = "\"${PODS_ROOT}/Target Support Files/Pods-vesdkreactnativeintegrationsample/Pods-vesdkreactnativeintegrationsample-frameworks.sh\"\n";
			showEnvVarsInLog = 0;
		};
		3BE5C8C4B5C9DBDB759C2440 /* [CP] Check Pods Manifest.lock */ = {
			isa = PBXShellScriptBuildPhase;
			buildActionMask = 2147483647;
			files = (
			);
			inputFileListPaths = (
			);
			inputPaths = (
				"${PODS_PODFILE_DIR_PATH}/Podfile.lock",
				"${PODS_ROOT}/Manifest.lock",
			);
			name = "[CP] Check Pods Manifest.lock";
			outputFileListPaths = (
			);
			outputPaths = (
				"$(DERIVED_FILE_DIR)/Pods-vesdkreactnativeintegrationsample-checkManifestLockResult.txt",
			);
			runOnlyForDeploymentPostprocessing = 0;
			shellPath = /bin/sh;
			shellScript = "diff \"${PODS_PODFILE_DIR_PATH}/Podfile.lock\" \"${PODS_ROOT}/Manifest.lock\" > /dev/null\nif [ $? != 0 ] ; then\n    # print error to STDERR\n    echo \"error: The sandbox is not in sync with the Podfile.lock. Run 'pod install' or update your CocoaPods installation.\" >&2\n    exit 1\nfi\n# This output is used by Xcode 'outputs' to avoid re-running this script phase.\necho \"SUCCESS\" > \"${SCRIPT_OUTPUT_FILE_0}\"\n";
			showEnvVarsInLog = 0;
		};
		5318E3E447AAEC6555684BB4 /* [CP] Copy Pods Resources */ = {
			isa = PBXShellScriptBuildPhase;
			buildActionMask = 2147483647;
			files = (
			);
			inputPaths = (
				"${PODS_ROOT}/Target Support Files/Pods-vesdkreactnativeintegrationsample/Pods-vesdkreactnativeintegrationsample-resources.sh",
				"${PODS_CONFIGURATION_BUILD_DIR}/React-Core/AccessibilityResources.bundle",
			);
			name = "[CP] Copy Pods Resources";
			outputPaths = (
				"${TARGET_BUILD_DIR}/${UNLOCALIZED_RESOURCES_FOLDER_PATH}/AccessibilityResources.bundle",
			);
			runOnlyForDeploymentPostprocessing = 0;
			shellPath = /bin/sh;
			shellScript = "\"${PODS_ROOT}/Target Support Files/Pods-vesdkreactnativeintegrationsample/Pods-vesdkreactnativeintegrationsample-resources.sh\"\n";
			showEnvVarsInLog = 0;
		};
		FD10A7F022414F080027D42C /* Start Packager */ = {
			isa = PBXShellScriptBuildPhase;
			buildActionMask = 2147483647;
			files = (
			);
			inputFileListPaths = (
			);
			inputPaths = (
			);
			name = "Start Packager";
			outputFileListPaths = (
			);
			outputPaths = (
			);
			runOnlyForDeploymentPostprocessing = 0;
			shellPath = /bin/sh;
			shellScript = "export RCT_METRO_PORT=\"${RCT_METRO_PORT:=8081}\"\necho \"export RCT_METRO_PORT=${RCT_METRO_PORT}\" > \"${SRCROOT}/../node_modules/react-native/scripts/.packager.env\"\nif [ -z \"${RCT_NO_LAUNCH_PACKAGER+xxx}\" ] ; then\n  if nc -w 5 -z localhost ${RCT_METRO_PORT} ; then\n    if ! curl -s \"http://localhost:${RCT_METRO_PORT}/status\" | grep -q \"packager-status:running\" ; then\n      echo \"Port ${RCT_METRO_PORT} already in use, packager is either not running or not running correctly\"\n      exit 2\n    fi\n  else\n    open \"$SRCROOT/../node_modules/react-native/scripts/launchPackager.command\" || echo \"Can't start packager automatically\"\n  fi\nfi\n";
			showEnvVarsInLog = 0;
		};
/* End PBXShellScriptBuildPhase section */

/* Begin PBXSourcesBuildPhase section */
		13B07F871A680F5B00A75B9A /* Sources */ = {
			isa = PBXSourcesBuildPhase;
			buildActionMask = 2147483647;
			files = (
				63485D51259A29CB00A9897F /* VideoEditorModuleBridge.m in Sources */,
				C26872D6293B99D9001CEF11 /* AppDelegate.swift in Sources */,
				63485D4C259A27A900A9897F /* VideoEditorModule.swift in Sources */,
				C20B0BBB293CDF1100AF67D1 /* CustomViewControllerFactory.swift in Sources */,
				C20B0BB9293CDF0200AF67D1 /* AudioBrowserModule.swift in Sources */,
			);
			runOnlyForDeploymentPostprocessing = 0;
		};
/* End PBXSourcesBuildPhase section */

/* Begin PBXVariantGroup section */
		13B07FB11A68108700A75B9A /* LaunchScreen.xib */ = {
			isa = PBXVariantGroup;
			children = (
				13B07FB21A68108700A75B9A /* Base */,
			);
			name = LaunchScreen.xib;
			path = vesdkreactnativeintegrationsample;
			sourceTree = "<group>";
		};
		5196245726B7F8EE00434846 /* Localizable.strings */ = {
			isa = PBXVariantGroup;
			children = (
				5196245626B7F8EE00434846 /* en */,
			);
			name = Localizable.strings;
			sourceTree = "<group>";
		};
/* End PBXVariantGroup section */

/* Begin XCBuildConfiguration section */
		13B07F941A680F5B00A75B9A /* Debug */ = {
			isa = XCBuildConfiguration;
			baseConfigurationReference = 1CA0EB8181D15F33F116AFEC /* Pods-vesdkreactnativeintegrationsample.debug.xcconfig */;
			buildSettings = {
				ASSETCATALOG_COMPILER_APPICON_NAME = AppIcon;
				CLANG_ENABLE_MODULES = YES;
				CURRENT_PROJECT_VERSION = 1;
				DEVELOPMENT_TEAM = Z5FY5KAJL3;
				ENABLE_BITCODE = NO;
				"EXCLUDED_ARCHS[sdk=iphonesimulator*]" = arm64;
				GCC_PREPROCESSOR_DEFINITIONS = (
					"$(inherited)",
					"FB_SONARKIT_ENABLED=1",
				);
				INFOPLIST_FILE = vesdkreactnativeintegrationsample/Info.plist;
				IPHONEOS_DEPLOYMENT_TARGET = 13.0;
				LD_RUNPATH_SEARCH_PATHS = "$(inherited) @executable_path/Frameworks";
				OTHER_LDFLAGS = (
					"$(inherited)",
					"-ObjC",
					"-lc++",
				);
				PRODUCT_BUNDLE_IDENTIFIER = com.banuba.VESDKReactNativeSample;
				PRODUCT_NAME = vesdkreactnativeintegrationsample;
				SWIFT_OBJC_BRIDGING_HEADER = "vesdkreactnativeintegrationsample-Bridging-Header.h";
				SWIFT_OPTIMIZATION_LEVEL = "-Onone";
				SWIFT_VERSION = 5.0;
				VERSIONING_SYSTEM = "apple-generic";
			};
			name = Debug;
		};
		13B07F951A680F5B00A75B9A /* Release */ = {
			isa = XCBuildConfiguration;
			baseConfigurationReference = EB62DC275C3658D1915DA7B9 /* Pods-vesdkreactnativeintegrationsample.release.xcconfig */;
			buildSettings = {
				ASSETCATALOG_COMPILER_APPICON_NAME = AppIcon;
				CLANG_ENABLE_MODULES = YES;
				CURRENT_PROJECT_VERSION = 1;
				DEVELOPMENT_TEAM = Z5FY5KAJL3;
				ENABLE_BITCODE = NO;
				"EXCLUDED_ARCHS[sdk=iphonesimulator*]" = arm64;
				INFOPLIST_FILE = vesdkreactnativeintegrationsample/Info.plist;
				IPHONEOS_DEPLOYMENT_TARGET = 13.0;
				LD_RUNPATH_SEARCH_PATHS = "$(inherited) @executable_path/Frameworks";
				OTHER_LDFLAGS = (
					"$(inherited)",
					"-ObjC",
					"-lc++",
				);
				PRODUCT_BUNDLE_IDENTIFIER = com.banuba.VESDKReactNativeSample;
				PRODUCT_NAME = vesdkreactnativeintegrationsample;
				SWIFT_OBJC_BRIDGING_HEADER = "vesdkreactnativeintegrationsample-Bridging-Header.h";
				SWIFT_VERSION = 5.0;
				VERSIONING_SYSTEM = "apple-generic";
			};
			name = Release;
		};
		83CBBA201A601CBA00E9B192 /* Debug */ = {
			isa = XCBuildConfiguration;
			buildSettings = {
				ALWAYS_SEARCH_USER_PATHS = NO;
				CLANG_ANALYZER_LOCALIZABILITY_NONLOCALIZED = YES;
				CLANG_CXX_LANGUAGE_STANDARD = "gnu++0x";
				CLANG_CXX_LIBRARY = "libc++";
				CLANG_ENABLE_MODULES = YES;
				CLANG_ENABLE_OBJC_ARC = YES;
				CLANG_WARN_BLOCK_CAPTURE_AUTORELEASING = YES;
				CLANG_WARN_BOOL_CONVERSION = YES;
				CLANG_WARN_COMMA = YES;
				CLANG_WARN_CONSTANT_CONVERSION = YES;
				CLANG_WARN_DEPRECATED_OBJC_IMPLEMENTATIONS = YES;
				CLANG_WARN_DIRECT_OBJC_ISA_USAGE = YES_ERROR;
				CLANG_WARN_EMPTY_BODY = YES;
				CLANG_WARN_ENUM_CONVERSION = YES;
				CLANG_WARN_INFINITE_RECURSION = YES;
				CLANG_WARN_INT_CONVERSION = YES;
				CLANG_WARN_NON_LITERAL_NULL_CONVERSION = YES;
				CLANG_WARN_OBJC_IMPLICIT_RETAIN_SELF = YES;
				CLANG_WARN_OBJC_LITERAL_CONVERSION = YES;
				CLANG_WARN_OBJC_ROOT_CLASS = YES_ERROR;
				CLANG_WARN_RANGE_LOOP_ANALYSIS = YES;
				CLANG_WARN_STRICT_PROTOTYPES = YES;
				CLANG_WARN_SUSPICIOUS_MOVE = YES;
				CLANG_WARN_UNREACHABLE_CODE = YES;
				CLANG_WARN__DUPLICATE_METHOD_MATCH = YES;
				"CODE_SIGN_IDENTITY[sdk=iphoneos*]" = "iPhone Developer";
				COPY_PHASE_STRIP = NO;
				ENABLE_STRICT_OBJC_MSGSEND = YES;
				ENABLE_TESTABILITY = YES;
				GCC_C_LANGUAGE_STANDARD = gnu99;
				GCC_DYNAMIC_NO_PIC = NO;
				GCC_NO_COMMON_BLOCKS = YES;
				GCC_OPTIMIZATION_LEVEL = 0;
				GCC_PREPROCESSOR_DEFINITIONS = (
					"DEBUG=1",
					"$(inherited)",
				);
				GCC_SYMBOLS_PRIVATE_EXTERN = NO;
				GCC_WARN_64_TO_32_BIT_CONVERSION = YES;
				GCC_WARN_ABOUT_RETURN_TYPE = YES_ERROR;
				GCC_WARN_UNDECLARED_SELECTOR = YES;
				GCC_WARN_UNINITIALIZED_AUTOS = YES_AGGRESSIVE;
				GCC_WARN_UNUSED_FUNCTION = YES;
				GCC_WARN_UNUSED_VARIABLE = YES;
				IPHONEOS_DEPLOYMENT_TARGET = 13.0;
				LD_RUNPATH_SEARCH_PATHS = "/usr/lib/swift $(inherited)";
				LIBRARY_SEARCH_PATHS = (
					"\"$(TOOLCHAIN_DIR)/usr/lib/swift/$(PLATFORM_NAME)\"",
					"\"$(TOOLCHAIN_DIR)/usr/lib/swift-5.0/$(PLATFORM_NAME)\"",
					"\"$(inherited)\"",
				);
				MTL_ENABLE_DEBUG_INFO = YES;
				ONLY_ACTIVE_ARCH = YES;
				SDKROOT = iphoneos;
			};
			name = Debug;
		};
		83CBBA211A601CBA00E9B192 /* Release */ = {
			isa = XCBuildConfiguration;
			buildSettings = {
				ALWAYS_SEARCH_USER_PATHS = NO;
				CLANG_ANALYZER_LOCALIZABILITY_NONLOCALIZED = YES;
				CLANG_CXX_LANGUAGE_STANDARD = "gnu++0x";
				CLANG_CXX_LIBRARY = "libc++";
				CLANG_ENABLE_MODULES = YES;
				CLANG_ENABLE_OBJC_ARC = YES;
				CLANG_WARN_BLOCK_CAPTURE_AUTORELEASING = YES;
				CLANG_WARN_BOOL_CONVERSION = YES;
				CLANG_WARN_COMMA = YES;
				CLANG_WARN_CONSTANT_CONVERSION = YES;
				CLANG_WARN_DEPRECATED_OBJC_IMPLEMENTATIONS = YES;
				CLANG_WARN_DIRECT_OBJC_ISA_USAGE = YES_ERROR;
				CLANG_WARN_EMPTY_BODY = YES;
				CLANG_WARN_ENUM_CONVERSION = YES;
				CLANG_WARN_INFINITE_RECURSION = YES;
				CLANG_WARN_INT_CONVERSION = YES;
				CLANG_WARN_NON_LITERAL_NULL_CONVERSION = YES;
				CLANG_WARN_OBJC_IMPLICIT_RETAIN_SELF = YES;
				CLANG_WARN_OBJC_LITERAL_CONVERSION = YES;
				CLANG_WARN_OBJC_ROOT_CLASS = YES_ERROR;
				CLANG_WARN_RANGE_LOOP_ANALYSIS = YES;
				CLANG_WARN_STRICT_PROTOTYPES = YES;
				CLANG_WARN_SUSPICIOUS_MOVE = YES;
				CLANG_WARN_UNREACHABLE_CODE = YES;
				CLANG_WARN__DUPLICATE_METHOD_MATCH = YES;
				"CODE_SIGN_IDENTITY[sdk=iphoneos*]" = "iPhone Developer";
				COPY_PHASE_STRIP = YES;
				ENABLE_NS_ASSERTIONS = NO;
				ENABLE_STRICT_OBJC_MSGSEND = YES;
				GCC_C_LANGUAGE_STANDARD = gnu99;
				GCC_NO_COMMON_BLOCKS = YES;
				GCC_WARN_64_TO_32_BIT_CONVERSION = YES;
				GCC_WARN_ABOUT_RETURN_TYPE = YES_ERROR;
				GCC_WARN_UNDECLARED_SELECTOR = YES;
				GCC_WARN_UNINITIALIZED_AUTOS = YES_AGGRESSIVE;
				GCC_WARN_UNUSED_FUNCTION = YES;
				GCC_WARN_UNUSED_VARIABLE = YES;
				IPHONEOS_DEPLOYMENT_TARGET = 13.0;
				LD_RUNPATH_SEARCH_PATHS = "/usr/lib/swift $(inherited)";
				LIBRARY_SEARCH_PATHS = (
					"\"$(TOOLCHAIN_DIR)/usr/lib/swift/$(PLATFORM_NAME)\"",
					"\"$(TOOLCHAIN_DIR)/usr/lib/swift-5.0/$(PLATFORM_NAME)\"",
					"\"$(inherited)\"",
				);
				MTL_ENABLE_DEBUG_INFO = NO;
				SDKROOT = iphoneos;
				VALIDATE_PRODUCT = YES;
			};
			name = Release;
		};
/* End XCBuildConfiguration section */

/* Begin XCConfigurationList section */
		13B07F931A680F5B00A75B9A /* Build configuration list for PBXNativeTarget "vesdkreactnativeintegrationsample" */ = {
			isa = XCConfigurationList;
			buildConfigurations = (
				13B07F941A680F5B00A75B9A /* Debug */,
				13B07F951A680F5B00A75B9A /* Release */,
			);
			defaultConfigurationIsVisible = 0;
			defaultConfigurationName = Release;
		};
		83CBB9FA1A601CBA00E9B192 /* Build configuration list for PBXProject "vesdkreactnativeintegrationsample" */ = {
			isa = XCConfigurationList;
			buildConfigurations = (
				83CBBA201A601CBA00E9B192 /* Debug */,
				83CBBA211A601CBA00E9B192 /* Release */,
			);
			defaultConfigurationIsVisible = 0;
			defaultConfigurationName = Release;
		};
/* End XCConfigurationList section */
	};
	rootObject = 83CBB9F71A601CBA00E9B192 /* Project object */;
}
